
Microsoft Visual Studio Solution File, Format Version 12.00
Project("{FAE04EC0-301F-11D3-BF4B-00C04F79EFBC}") = "assignment1", "assignment1\assignment1.csproj", "{C0502EA1-A9BE-4D2A-ACDE-BAA025BC3FED}"
EndProject
Project("{FAE04EC0-301F-11D3-BF4B-00C04F79EFBC}") = "assignment2", "assignment2\assignment2.csproj", "{CD021E2D-700D-49FE-8C9A-B2658D7EF46C}"
EndProject
Project("{FAE04EC0-301F-11D3-BF4B-00C04F79EFBC}") = "assignment3", "assignment3\assignment3.csproj", "{0FD29E8D-1A37-4F78-9B2C-132436014C8F}"
EndProject
Global
	GlobalSection(SolutionConfigurationPlatforms) = preSolution
		Debug|Any CPU = Debug|Any CPU
		Release|Any CPU = Release|Any CPU
	EndGlobalSection
	GlobalSection(ProjectConfigurationPlatforms) = postSolution
		{C0502EA1-A9BE-4D2A-ACDE-BAA025BC3FED}.Debug|Any CPU.ActiveCfg = Debug|Any CPU
		{C0502EA1-A9BE-4D2A-ACDE-BAA025BC3FED}.Debug|Any CPU.Build.0 = Debug|Any CPU
		{C0502EA1-A9BE-4D2A-ACDE-BAA025BC3FED}.Release|Any CPU.ActiveCfg = Release|Any CPU
		{C0502EA1-A9BE-4D2A-ACDE-BAA025BC3FED}.Release|Any CPU.Build.0 = Release|Any CPU
		{CD021E2D-700D-49FE-8C9A-B2658D7EF46C}.Debug|Any CPU.ActiveCfg = Debug|Any CPU
		{CD021E2D-700D-49FE-8C9A-B2658D7EF46C}.Debug|Any CPU.Build.0 = Debug|Any CPU
		{CD021E2D-700D-49FE-8C9A-B2658D7EF46C}.Release|Any CPU.ActiveCfg = Release|Any CPU
		{CD021E2D-700D-49FE-8C9A-B2658D7EF46C}.Release|Any CPU.Build.0 = Release|Any CPU
		{0FD29E8D-1A37-4F78-9B2C-132436014C8F}.Debug|Any CPU.ActiveCfg = Debug|Any CPU
		{0FD29E8D-1A37-4F78-9B2C-132436014C8F}.Debug|Any CPU.Build.0 = Debug|Any CPU
		{0FD29E8D-1A37-4F78-9B2C-132436014C8F}.Release|Any CPU.ActiveCfg = Release|Any CPU
		{0FD29E8D-1A37-4F78-9B2C-132436014C8F}.Release|Any CPU.Build.0 = Release|Any CPU
	EndGlobalSection
EndGlobal
